
Microsoft Visual Studio Solution File, Format Version 12.00
# Visual Studio Version 17
VisualStudioVersion = 17.8.34330.188
MinimumVisualStudioVersion = 10.0.40219.1
Project("{9A19103F-16F7-4668-BE54-9A1E7A4F7556}") = "Stage0", "Stage0\Stage0.csproj", "{D1F0E9AB-1A0C-4877-B67C-7AA3435B9F60}"
EndProject
Project("{9A19103F-16F7-4668-BE54-9A1E7A4F7556}") = "DalFacade", "DalFacade\DalFacade.csproj", "{327E7645-04DD-4F7A-A1CD-A8EF3BE4D126}"
EndProject
Project("{9A19103F-16F7-4668-BE54-9A1E7A4F7556}") = "DalTest", "DalTest\DalTest.csproj", "{6B5E35BF-9B32-4C95-8CC6-16B37CA7A52D}"
EndProject
Project("{9A19103F-16F7-4668-BE54-9A1E7A4F7556}") = "DalList", "DalList\DalList.csproj", "{9AE04FD6-D1E0-4584-A77D-40E79C187E7A}"
EndProject
Project("{9A19103F-16F7-4668-BE54-9A1E7A4F7556}") = "DalXml", "DalXml\DalXml.csproj", "{B2313D94-F4E2-4E9D-9124-DA35CD156752}"
EndProject
Project("{2150E333-8FDC-42A3-9474-1A3956D46DE8}") = "xml", "xml", "{367042B3-FF69-45F0-937B-8F89278BC680}"
	ProjectSection(SolutionItems) = preProject
		xml\dal-config.xml = xml\dal-config.xml
		xml\data-config.xml = xml\data-config.xml
		xml\dependencys.xml = xml\dependencys.xml
		xml\tasks.xml = xml\tasks.xml
		xml\users.xml = xml\users.xml
	EndProjectSection
EndProject
Project("{9A19103F-16F7-4668-BE54-9A1E7A4F7556}") = "BL", "BL\BL.csproj", "{DCB0ADEF-C017-4C3C-A620-BB08147CE7E9}"
EndProject
Project("{9A19103F-16F7-4668-BE54-9A1E7A4F7556}") = "BlTest", "BlTest\BlTest.csproj", "{5F9B4241-EF2B-4F36-A48A-F499E9C9EECC}"
EndProject
Project("{FAE04EC0-301F-11D3-BF4B-00C04F79EFBC}") = "PL", "PL\PL.csproj", "{476ED5F9-B324-4AB0-AFB7-328E5604A356}"
EndProject
Global
	GlobalSection(SolutionConfigurationPlatforms) = preSolution
		Debug|Any CPU = Debug|Any CPU
		Release|Any CPU = Release|Any CPU
	EndGlobalSection
	GlobalSection(ProjectConfigurationPlatforms) = postSolution
		{D1F0E9AB-1A0C-4877-B67C-7AA3435B9F60}.Debug|Any CPU.ActiveCfg = Debug|Any CPU
		{D1F0E9AB-1A0C-4877-B67C-7AA3435B9F60}.Debug|Any CPU.Build.0 = Debug|Any CPU
		{D1F0E9AB-1A0C-4877-B67C-7AA3435B9F60}.Release|Any CPU.ActiveCfg = Release|Any CPU
		{D1F0E9AB-1A0C-4877-B67C-7AA3435B9F60}.Release|Any CPU.Build.0 = Release|Any CPU
		{327E7645-04DD-4F7A-A1CD-A8EF3BE4D126}.Debug|Any CPU.ActiveCfg = Debug|Any CPU
		{327E7645-04DD-4F7A-A1CD-A8EF3BE4D126}.Debug|Any CPU.Build.0 = Debug|Any CPU
		{327E7645-04DD-4F7A-A1CD-A8EF3BE4D126}.Release|Any CPU.ActiveCfg = Release|Any CPU
		{327E7645-04DD-4F7A-A1CD-A8EF3BE4D126}.Release|Any CPU.Build.0 = Release|Any CPU
		{6B5E35BF-9B32-4C95-8CC6-16B37CA7A52D}.Debug|Any CPU.ActiveCfg = Debug|Any CPU
		{6B5E35BF-9B32-4C95-8CC6-16B37CA7A52D}.Debug|Any CPU.Build.0 = Debug|Any CPU
		{6B5E35BF-9B32-4C95-8CC6-16B37CA7A52D}.Release|Any CPU.ActiveCfg = Release|Any CPU
		{6B5E35BF-9B32-4C95-8CC6-16B37CA7A52D}.Release|Any CPU.Build.0 = Release|Any CPU
		{9AE04FD6-D1E0-4584-A77D-40E79C187E7A}.Debug|Any CPU.ActiveCfg = Debug|Any CPU
		{9AE04FD6-D1E0-4584-A77D-40E79C187E7A}.Debug|Any CPU.Build.0 = Debug|Any CPU
		{9AE04FD6-D1E0-4584-A77D-40E79C187E7A}.Release|Any CPU.ActiveCfg = Release|Any CPU
		{9AE04FD6-D1E0-4584-A77D-40E79C187E7A}.Release|Any CPU.Build.0 = Release|Any CPU
		{B2313D94-F4E2-4E9D-9124-DA35CD156752}.Debug|Any CPU.ActiveCfg = Debug|Any CPU
		{B2313D94-F4E2-4E9D-9124-DA35CD156752}.Debug|Any CPU.Build.0 = Debug|Any CPU
		{B2313D94-F4E2-4E9D-9124-DA35CD156752}.Release|Any CPU.ActiveCfg = Release|Any CPU
		{B2313D94-F4E2-4E9D-9124-DA35CD156752}.Release|Any CPU.Build.0 = Release|Any CPU
		{DCB0ADEF-C017-4C3C-A620-BB08147CE7E9}.Debug|Any CPU.ActiveCfg = Debug|Any CPU
		{DCB0ADEF-C017-4C3C-A620-BB08147CE7E9}.Debug|Any CPU.Build.0 = Debug|Any CPU
		{DCB0ADEF-C017-4C3C-A620-BB08147CE7E9}.Release|Any CPU.ActiveCfg = Release|Any CPU
		{DCB0ADEF-C017-4C3C-A620-BB08147CE7E9}.Release|Any CPU.Build.0 = Release|Any CPU
		{5F9B4241-EF2B-4F36-A48A-F499E9C9EECC}.Debug|Any CPU.ActiveCfg = Debug|Any CPU
		{5F9B4241-EF2B-4F36-A48A-F499E9C9EECC}.Debug|Any CPU.Build.0 = Debug|Any CPU
		{5F9B4241-EF2B-4F36-A48A-F499E9C9EECC}.Release|Any CPU.ActiveCfg = Release|Any CPU
		{5F9B4241-EF2B-4F36-A48A-F499E9C9EECC}.Release|Any CPU.Build.0 = Release|Any CPU
		{476ED5F9-B324-4AB0-AFB7-328E5604A356}.Debug|Any CPU.ActiveCfg = Debug|Any CPU
		{476ED5F9-B324-4AB0-AFB7-328E5604A356}.Debug|Any CPU.Build.0 = Debug|Any CPU
		{476ED5F9-B324-4AB0-AFB7-328E5604A356}.Release|Any CPU.ActiveCfg = Release|Any CPU
		{476ED5F9-B324-4AB0-AFB7-328E5604A356}.Release|Any CPU.Build.0 = Release|Any CPU
	EndGlobalSection
	GlobalSection(SolutionProperties) = preSolution
		HideSolutionNode = FALSE
	EndGlobalSection
	GlobalSection(ExtensibilityGlobals) = postSolution
		SolutionGuid = {61BBE2F2-8D86-450E-8EB0-6919DC6C4C25}
	EndGlobalSection
EndGlobal
